{
  "nodes": {
    "devshell": {
      "inputs": {
        "nixpkgs": [
          "nixpkgs"
        ]
      },
      "locked": {
        "lastModified": 1682512645,
        "narHash": "sha256-Ye0rxDlXtTR9ncuygM6KiBWQp/UU99tw0NkcnWKsloo=",
        "owner": "mora-unie-youer",
        "repo": "devshell",
        "rev": "bfc599d21bbb70058548b101c78aadb8104beec1",
        "type": "github"
      },
      "original": {
        "owner": "mora-unie-youer",
        "repo": "devshell",
        "type": "github"
      }
    },
    "flake-utils": {
      "inputs": {
        "systems": "systems"
      },
      "locked": {
        "lastModified": 1689068808,
        "narHash": "sha256-6ixXo3wt24N/melDWjq70UuHQLxGV8jZvooRanIHXw0=",
        "owner": "numtide",
        "repo": "flake-utils",
        "rev": "919d646de7be200f3bf08cb76ae1f09402b6f9b4",
        "type": "github"
      },
      "original": {
        "owner": "numtide",
        "repo": "flake-utils",
        "type": "github"
      }
    },
    "nixpkgs": {
      "locked": {
        "lastModified": 1691188534,
        "narHash": "sha256-oXjS9GrZar+sB8j2KYzWw3dW62jYFhnjOsnO5+D+B3s=",
        "owner": "NixOS",
        "repo": "nixpkgs",
        "rev": "5767e7b931f2e6ee7f582d564b8665095c059f3b",
        "type": "github"
      },
      "original": {
        "owner": "NixOS",
        "ref": "nixpkgs-unstable",
        "repo": "nixpkgs",
        "type": "github"
      }
    },
    "root": {
      "inputs": {
        "devshell": "devshell",
        "flake-utils": "flake-utils",
        "nixpkgs": "nixpkgs",
        "rust-overlay": "rust-overlay"
      }
    },
    "rust-overlay": {
      "inputs": {
        "flake-utils": [
          "flake-utils"
        ],
        "nixpkgs": [
          "nixpkgs"
        ]
      },
      "locked": {
        "lastModified": 1691201768,
        "narHash": "sha256-h+QJMpawZoK1+8efF6UjQoY1EHZfHteXVa5OYnlqRWA=",
        "owner": "oxalica",
        "repo": "rust-overlay",
        "rev": "18ee2a71de24273e4ad4503b5604532f0b53f382",
        "type": "github"
      },
      "original": {
        "owner": "oxalica",
        "repo": "rust-overlay",
        "type": "github"
      }
    },
    "systems": {
      "locked": {
        "lastModified": 1681028828,
        "narHash": "sha256-Vy1rq5AaRuLzOxct8nz4T6wlgyUR7zLU309k9mBC768=",
        "owner": "nix-systems",
        "repo": "default",
        "rev": "da67096a3b9bf56a91d16901293e51ba5b49a27e",
        "type": "github"
      },
      "original": {
        "owner": "nix-systems",
        "repo": "default",
        "type": "github"
      }
    }
  },
  "root": "root",
  "version": 7
}
